
Microsoft Visual Studio Solution File, Format Version 12.00
# Visual Studio Version 17
VisualStudioVersion = 17.12.35527.113
MinimumVisualStudioVersion = 10.0.40219.1
Project("{FAE04EC0-301F-11D3-BF4B-00C04F79EFBC}") = "FootballViewer.Data", "FootballViewer.Data\FootballViewer.Data.csproj", "{D0FB821D-9558-455E-99AB-8CEF4116FF73}"
EndProject
Project("{FAE04EC0-301F-11D3-BF4B-00C04F79EFBC}") = "FootballViewer.Api", "FootballViewer.Api\FootballViewer.Api.csproj", "{EE92F088-E698-4427-8262-9F928904A0F8}"
EndProject
Global
	GlobalSection(SolutionConfigurationPlatforms) = preSolution
		Debug|Any CPU = Debug|Any CPU
		Release|Any CPU = Release|Any CPU
	EndGlobalSection
	GlobalSection(ProjectConfigurationPlatforms) = postSolution
		{D0FB821D-9558-455E-99AB-8CEF4116FF73}.Debug|Any CPU.ActiveCfg = Debug|Any CPU
		{D0FB821D-9558-455E-99AB-8CEF4116FF73}.Debug|Any CPU.Build.0 = Debug|Any CPU
		{D0FB821D-9558-455E-99AB-8CEF4116FF73}.Release|Any CPU.ActiveCfg = Release|Any CPU
		{D0FB821D-9558-455E-99AB-8CEF4116FF73}.Release|Any CPU.Build.0 = Release|Any CPU
		{EE92F088-E698-4427-8262-9F928904A0F8}.Debug|Any CPU.ActiveCfg = Debug|Any CPU
		{EE92F088-E698-4427-8262-9F928904A0F8}.Debug|Any CPU.Build.0 = Debug|Any CPU
		{EE92F088-E698-4427-8262-9F928904A0F8}.Release|Any CPU.ActiveCfg = Release|Any CPU
		{EE92F088-E698-4427-8262-9F928904A0F8}.Release|Any CPU.Build.0 = Release|Any CPU
	EndGlobalSection
	GlobalSection(SolutionProperties) = preSolution
		HideSolutionNode = FALSE
	EndGlobalSection
	GlobalSection(ExtensibilityGlobals) = postSolution
		SolutionGuid = {86E720B5-57FB-4FD5-81DB-B4D5FA34C6F4}
	EndGlobalSection
EndGlobal
